
Microsoft Visual Studio Solution File, Format Version 12.00
# Visual Studio Version 16
VisualStudioVersion = 16.0.29926.136
MinimumVisualStudioVersion = 10.0.40219.1
Project("{9A19103F-16F7-4668-BE54-9A1E7A4F7556}") = "AutoMapperSample", "AutoMapper\AutoMapperSample.csproj", "{EACAA28D-8CE9-40D1-9FA2-CDA53C766628}"
EndProject
Global
	GlobalSection(SolutionConfigurationPlatforms) = preSolution
		Debug|Any CPU = Debug|Any CPU
		Release|Any CPU = Release|Any CPU
	EndGlobalSection
	GlobalSection(ProjectConfigurationPlatforms) = postSolution
		{EACAA28D-8CE9-40D1-9FA2-CDA53C766628}.Debug|Any CPU.ActiveCfg = Debug|Any CPU
		{EACAA28D-8CE9-40D1-9FA2-CDA53C766628}.Debug|Any CPU.Build.0 = Debug|Any CPU
		{EACAA28D-8CE9-40D1-9FA2-CDA53C766628}.Release|Any CPU.ActiveCfg = Release|Any CPU
		{EACAA28D-8CE9-40D1-9FA2-CDA53C766628}.Release|Any CPU.Build.0 = Release|Any CPU
	EndGlobalSection
	GlobalSection(SolutionProperties) = preSolution
		HideSolutionNode = FALSE
	EndGlobalSection
	GlobalSection(ExtensibilityGlobals) = postSolution
		SolutionGuid = {772E3D49-0011-4024-ACA3-D0A714322DD6}
	EndGlobalSection
EndGlobal
